
Microsoft Visual Studio Solution File, Format Version 12.00
# Visual Studio 15
VisualStudioVersion = 15.0.27004.2005
MinimumVisualStudioVersion = 10.0.40219.1
Project("{FAE04EC0-301F-11D3-BF4B-00C04F79EFBC}") = "Dijkstra", "Dijkstra\Dijkstra.csproj", "{269D2986-EF20-4055-B5EF-2DF9D8EFCCD9}"
EndProject
Global
	GlobalSection(SolutionConfigurationPlatforms) = preSolution
		Debug|Any CPU = Debug|Any CPU
		Release|Any CPU = Release|Any CPU
	EndGlobalSection
	GlobalSection(ProjectConfigurationPlatforms) = postSolution
		{269D2986-EF20-4055-B5EF-2DF9D8EFCCD9}.Debug|Any CPU.ActiveCfg = Debug|Any CPU
		{269D2986-EF20-4055-B5EF-2DF9D8EFCCD9}.Debug|Any CPU.Build.0 = Debug|Any CPU
		{269D2986-EF20-4055-B5EF-2DF9D8EFCCD9}.Release|Any CPU.ActiveCfg = Release|Any CPU
		{269D2986-EF20-4055-B5EF-2DF9D8EFCCD9}.Release|Any CPU.Build.0 = Release|Any CPU
	EndGlobalSection
	GlobalSection(SolutionProperties) = preSolution
		HideSolutionNode = FALSE
	EndGlobalSection
	GlobalSection(ExtensibilityGlobals) = postSolution
		SolutionGuid = {76900576-6FD9-4FFF-8802-043B1EEEFD67}
	EndGlobalSection
EndGlobal
